
Microsoft Visual Studio Solution File, Format Version 12.00
# Visual Studio Version 17
VisualStudioVersion = 17.8.34330.188
MinimumVisualStudioVersion = 10.0.40219.1
Project("{FAE04EC0-301F-11D3-BF4B-00C04F79EFBC}") = "DashStack", "DashStack\DashStack.csproj", "{69133E02-0683-4FD2-AF6C-BFB54EB59E8E}"
EndProject
Project("{FAE04EC0-301F-11D3-BF4B-00C04F79EFBC}") = "Domain", "Domain\Domain.csproj", "{1E968C07-5823-4644-A3CC-7C069FC56044}"
EndProject
Project("{FAE04EC0-301F-11D3-BF4B-00C04F79EFBC}") = "Data", "Data\Data.csproj", "{C0BD692E-E50E-4B31-BEE8-644B554F13D2}"
EndProject
Global
	GlobalSection(SolutionConfigurationPlatforms) = preSolution
		Debug|Any CPU = Debug|Any CPU
		Release|Any CPU = Release|Any CPU
	EndGlobalSection
	GlobalSection(ProjectConfigurationPlatforms) = postSolution
		{69133E02-0683-4FD2-AF6C-BFB54EB59E8E}.Debug|Any CPU.ActiveCfg = Debug|Any CPU
		{69133E02-0683-4FD2-AF6C-BFB54EB59E8E}.Debug|Any CPU.Build.0 = Debug|Any CPU
		{69133E02-0683-4FD2-AF6C-BFB54EB59E8E}.Release|Any CPU.ActiveCfg = Release|Any CPU
		{69133E02-0683-4FD2-AF6C-BFB54EB59E8E}.Release|Any CPU.Build.0 = Release|Any CPU
		{1E968C07-5823-4644-A3CC-7C069FC56044}.Debug|Any CPU.ActiveCfg = Debug|Any CPU
		{1E968C07-5823-4644-A3CC-7C069FC56044}.Debug|Any CPU.Build.0 = Debug|Any CPU
		{1E968C07-5823-4644-A3CC-7C069FC56044}.Release|Any CPU.ActiveCfg = Release|Any CPU
		{1E968C07-5823-4644-A3CC-7C069FC56044}.Release|Any CPU.Build.0 = Release|Any CPU
		{C0BD692E-E50E-4B31-BEE8-644B554F13D2}.Debug|Any CPU.ActiveCfg = Debug|Any CPU
		{C0BD692E-E50E-4B31-BEE8-644B554F13D2}.Debug|Any CPU.Build.0 = Debug|Any CPU
		{C0BD692E-E50E-4B31-BEE8-644B554F13D2}.Release|Any CPU.ActiveCfg = Release|Any CPU
		{C0BD692E-E50E-4B31-BEE8-644B554F13D2}.Release|Any CPU.Build.0 = Release|Any CPU
	EndGlobalSection
	GlobalSection(SolutionProperties) = preSolution
		HideSolutionNode = FALSE
	EndGlobalSection
	GlobalSection(ExtensibilityGlobals) = postSolution
		SolutionGuid = {AE5D680B-9785-4CC5-8719-7F0B481EEF87}
	EndGlobalSection
EndGlobal
